
Microsoft Visual Studio Solution File, Format Version 12.00
# Visual Studio Version 16
VisualStudioVersion = 16.0.30225.117
MinimumVisualStudioVersion = 10.0.40219.1
Project("{FAE04EC0-301F-11D3-BF4B-00C04F79EFBC}") = "FeatureUpgrade", "PCInfo\FeatureUpgrade.csproj", "{7ABC1BBD-9E1F-40D1-88C5-CC435372F36B}"
EndProject
Global
	GlobalSection(SolutionConfigurationPlatforms) = preSolution
		Debug|Any CPU = Debug|Any CPU
		Debug|x64 = Debug|x64
		Release|Any CPU = Release|Any CPU
		Release|x64 = Release|x64
	EndGlobalSection
	GlobalSection(ProjectConfigurationPlatforms) = postSolution
		{7ABC1BBD-9E1F-40D1-88C5-CC435372F36B}.Debug|Any CPU.ActiveCfg = Debug|Any CPU
		{7ABC1BBD-9E1F-40D1-88C5-CC435372F36B}.Debug|Any CPU.Build.0 = Debug|Any CPU
		{7ABC1BBD-9E1F-40D1-88C5-CC435372F36B}.Debug|x64.ActiveCfg = Debug|x64
		{7ABC1BBD-9E1F-40D1-88C5-CC435372F36B}.Debug|x64.Build.0 = Debug|x64
		{7ABC1BBD-9E1F-40D1-88C5-CC435372F36B}.Release|Any CPU.ActiveCfg = Release|Any CPU
		{7ABC1BBD-9E1F-40D1-88C5-CC435372F36B}.Release|Any CPU.Build.0 = Release|Any CPU
		{7ABC1BBD-9E1F-40D1-88C5-CC435372F36B}.Release|x64.ActiveCfg = Release|x64
		{7ABC1BBD-9E1F-40D1-88C5-CC435372F36B}.Release|x64.Build.0 = Release|x64
	EndGlobalSection
	GlobalSection(SolutionProperties) = preSolution
		HideSolutionNode = FALSE
	EndGlobalSection
	GlobalSection(ExtensibilityGlobals) = postSolution
		SolutionGuid = {D2760A0E-3039-41CD-A836-376333BC935D}
	EndGlobalSection
EndGlobal
